
Microsoft Visual Studio Solution File, Format Version 12.00
# Visual Studio Version 16
VisualStudioVersion = 16.0.30804.86
MinimumVisualStudioVersion = 10.0.40219.1
Project("{FAE04EC0-301F-11D3-BF4B-00C04F79EFBC}") = "MegaDeskRazor", "MegaDeskRazor\MegaDeskRazor.csproj", "{0F791F26-919B-4F57-8E9D-66CEF74FC491}"
EndProject
Global
	GlobalSection(SolutionConfigurationPlatforms) = preSolution
		Debug|Any CPU = Debug|Any CPU
		Release|Any CPU = Release|Any CPU
	EndGlobalSection
	GlobalSection(ProjectConfigurationPlatforms) = postSolution
		{0F791F26-919B-4F57-8E9D-66CEF74FC491}.Debug|Any CPU.ActiveCfg = Debug|Any CPU
		{0F791F26-919B-4F57-8E9D-66CEF74FC491}.Debug|Any CPU.Build.0 = Debug|Any CPU
		{0F791F26-919B-4F57-8E9D-66CEF74FC491}.Release|Any CPU.ActiveCfg = Release|Any CPU
		{0F791F26-919B-4F57-8E9D-66CEF74FC491}.Release|Any CPU.Build.0 = Release|Any CPU
	EndGlobalSection
	GlobalSection(SolutionProperties) = preSolution
		HideSolutionNode = FALSE
	EndGlobalSection
	GlobalSection(ExtensibilityGlobals) = postSolution
		SolutionGuid = {694F711B-9DD8-4985-921C-D064F1E705DE}
	EndGlobalSection
EndGlobal
